{
  "lockfile-version": 1,
  "manifest": {
    "version": 1,
    "install": {
      "git": {
        "pkg-path": "git"
      },
      "huggingface-hub": {
        "pkg-path": "python311Packages.huggingface-hub"
      },
      "pip": {
        "pkg-path": "python311Packages.pip"
      },
      "python311": {
        "pkg-path": "python311"
      }
    },
    "vars": {},
    "hook": {},
    "profile": {},
    "options": {},
    "build": {
      "llama-model": {
        "command": "#!/usr/bin/env bash\nset -euo pipefail\n\necho \"Packaging LLaMA 2 7B model (using symlinks)...\"\n\n# Create output directory structure\nmkdir -p \"$out/share/models\"\n\n# Get absolute path to model files\nMODEL_SRC=\"$(cd models/llama-2-7b-hf && pwd)\"\n\n# Create symlink to model directory\nln -s \"$MODEL_SRC\" \"$out/share/models/llama-2-7b-hf\"\n\n# Verify\nif [ -f \"$out/share/models/llama-2-7b-hf/config.json\" ]; then\n  echo \"✓ Model packaged successfully (symlinked)\"\n  echo \"  Target: $MODEL_SRC\"\n  echo \"  Link: $out/share/models/llama-2-7b-hf\"\nelse\n  echo \"✗ Model packaging failed\"\n  exit 1\nfi\n",
        "version": "2.0.0",
        "description": "LLaMA 2 7B HuggingFace model"
      },
      "llama-server": {
        "command": "#!/usr/bin/env bash\nset -euo pipefail\n\necho \"Building LLaMA 2 Inference Server...\"\n\n# Create virtualenv in $out\npython -m venv \"$out\"\nsource \"$out/bin/activate\"\n\n# Install dependencies\necho \"Installing dependencies...\"\npip install --upgrade pip setuptools wheel\npip install fastapi uvicorn transformers torch --extra-index-url https://download.pytorch.org/whl/cpu\n\n# Copy server script\necho \"Installing server application...\"\nmkdir -p \"$out/lib/llama-server\"\ncp server/server.py \"$out/lib/llama-server/\"\n\n# Create launcher script\ncat > \"$out/bin/llama-server\" <<'EOF'\n#!/usr/bin/env bash\nset -euo pipefail\n\n# Activate virtualenv\nSCRIPT_DIR=\"$(cd \"$(dirname \"${BASH_SOURCE[0]}\")\" && pwd)\"\nsource \"$SCRIPT_DIR/activate\"\n\n# Set default MODEL_PATH if not provided\nif [ -z \"${MODEL_PATH:-}\" ]; then\n    echo \"ERROR: MODEL_PATH environment variable not set\"\n    echo \"Usage: MODEL_PATH=/path/to/model llama-server [OPTIONS]\"\n    exit 1\nfi\n\n# Run server\ncd \"$(dirname \"$SCRIPT_DIR\")/lib/llama-server\"\nexec uvicorn server:app --host 0.0.0.0 --port 8000 \"$@\"\nEOF\n\nchmod +x \"$out/bin/llama-server\"\n\necho \"\"\necho \"✓ LLaMA Server built successfully!\"\necho \"\"\necho \"Usage:\"\necho \"  MODEL_PATH=/path/to/model llama-server\"\necho \"\"\n",
        "version": "1.0.0",
        "description": "LLaMA 2 7B Inference Server (FastAPI)"
      }
    }
  },
  "packages": [
    {
      "attr_path": "git",
      "broken": false,
      "derivation": "/nix/store/532v9bs2f5mya9wbp9k76c0b8bp1760c-git-2.47.0.drv",
      "description": "Distributed version control system",
      "install_id": "git",
      "license": "GPL-2.0",
      "locked_url": "https://github.com/flox/nixpkgs?rev=d70bd19e0a38ad4790d3913bf08fcbfc9eeca507",
      "name": "git-2.47.0",
      "pname": "git",
      "rev": "d70bd19e0a38ad4790d3913bf08fcbfc9eeca507",
      "rev_count": 724962,
      "rev_date": "2024-12-19T23:01:11Z",
      "scrape_date": "2024-12-23T03:54:12Z",
      "stabilities": [
        "stable",
        "staging",
        "unstable"
      ],
      "unfree": false,
      "version": "2.47.0",
      "outputs_to_install": [
        "out"
      ],
      "outputs": {
        "doc": "/nix/store/7k5wgpxhjnabixsx4br9xm56rw106ri3-git-2.47.0-doc",
        "out": "/nix/store/i7460fczrp4ac460v0gibqddj7n8w8iz-git-2.47.0"
      },
      "system": "aarch64-darwin",
      "group": "toplevel",
      "priority": 5
    },
    {
      "attr_path": "git",
      "broken": false,
      "derivation": "/nix/store/q9v08n258pl0wb5rya4fcjr70cx9p0v2-git-2.47.0.drv",
      "description": "Distributed version control system",
      "install_id": "git",
      "license": "GPL-2.0",
      "locked_url": "https://github.com/flox/nixpkgs?rev=d70bd19e0a38ad4790d3913bf08fcbfc9eeca507",
      "name": "git-2.47.0",
      "pname": "git",
      "rev": "d70bd19e0a38ad4790d3913bf08fcbfc9eeca507",
      "rev_count": 724962,
      "rev_date": "2024-12-19T23:01:11Z",
      "scrape_date": "2024-12-23T03:54:12Z",
      "stabilities": [
        "stable",
        "staging",
        "unstable"
      ],
      "unfree": false,
      "version": "2.47.0",
      "outputs_to_install": [
        "out"
      ],
      "outputs": {
        "debug": "/nix/store/g1iyg13q0f05vf5yllvmrhqhzgggg5lf-git-2.47.0-debug",
        "doc": "/nix/store/6md7q4bvv9zzw2xycra4b2msg4f37n34-git-2.47.0-doc",
        "out": "/nix/store/4ahzcjrsrv96qbcpmm4ybqkdjcbgblvc-git-2.47.0"
      },
      "system": "aarch64-linux",
      "group": "toplevel",
      "priority": 5
    },
    {
      "attr_path": "git",
      "broken": false,
      "derivation": "/nix/store/pl9jwa9m62596kb15zwjlin04vhc1zgi-git-2.47.0.drv",
      "description": "Distributed version control system",
      "install_id": "git",
      "license": "GPL-2.0",
      "locked_url": "https://github.com/flox/nixpkgs?rev=d70bd19e0a38ad4790d3913bf08fcbfc9eeca507",
      "name": "git-2.47.0",
      "pname": "git",
      "rev": "d70bd19e0a38ad4790d3913bf08fcbfc9eeca507",
      "rev_count": 724962,
      "rev_date": "2024-12-19T23:01:11Z",
      "scrape_date": "2024-12-23T03:54:12Z",
      "stabilities": [
        "stable",
        "staging",
        "unstable"
      ],
      "unfree": false,
      "version": "2.47.0",
      "outputs_to_install": [
        "out"
      ],
      "outputs": {
        "doc": "/nix/store/am9wvlvgah4qjkbhzvryl0jnarakss5g-git-2.47.0-doc",
        "out": "/nix/store/y161xdvlji6nxcfx6xs049w3kasgjgcz-git-2.47.0"
      },
      "system": "x86_64-darwin",
      "group": "toplevel",
      "priority": 5
    },
    {
      "attr_path": "git",
      "broken": false,
      "derivation": "/nix/store/cbpx5ig45dym04spy6l2l3prnvhj0q5l-git-2.47.0.drv",
      "description": "Distributed version control system",
      "install_id": "git",
      "license": "GPL-2.0",
      "locked_url": "https://github.com/flox/nixpkgs?rev=d70bd19e0a38ad4790d3913bf08fcbfc9eeca507",
      "name": "git-2.47.0",
      "pname": "git",
      "rev": "d70bd19e0a38ad4790d3913bf08fcbfc9eeca507",
      "rev_count": 724962,
      "rev_date": "2024-12-19T23:01:11Z",
      "scrape_date": "2024-12-23T03:54:12Z",
      "stabilities": [
        "stable",
        "staging",
        "unstable"
      ],
      "unfree": false,
      "version": "2.47.0",
      "outputs_to_install": [
        "out"
      ],
      "outputs": {
        "debug": "/nix/store/i48viyk4j244008yxb5snhiffhwkgh00-git-2.47.0-debug",
        "doc": "/nix/store/g4qfyzlr8gfink7g62kwh7cyan9zv91d-git-2.47.0-doc",
        "out": "/nix/store/1zgzrsbq3b0f06k76pha0r8hmfwvjvc0-git-2.47.0"
      },
      "system": "x86_64-linux",
      "group": "toplevel",
      "priority": 5
    },
    {
      "attr_path": "python311Packages.huggingface-hub",
      "broken": false,
      "derivation": "/nix/store/x1zhyxhpsq5lvydbdi580xsqspg512cp-python3.11-huggingface-hub-0.26.5.drv",
      "description": "Download and publish models and other files on the huggingface.co hub",
      "install_id": "huggingface-hub",
      "license": "Apache-2.0",
      "locked_url": "https://github.com/flox/nixpkgs?rev=d70bd19e0a38ad4790d3913bf08fcbfc9eeca507",
      "name": "python3.11-huggingface-hub-0.26.5",
      "pname": "huggingface-hub",
      "rev": "d70bd19e0a38ad4790d3913bf08fcbfc9eeca507",
      "rev_count": 724962,
      "rev_date": "2024-12-19T23:01:11Z",
      "scrape_date": "2024-12-23T03:54:12Z",
      "stabilities": [
        "stable",
        "staging",
        "unstable"
      ],
      "unfree": false,
      "version": "0.26.5",
      "outputs_to_install": [
        "out"
      ],
      "outputs": {
        "dist": "/nix/store/06qwb4lb8887iliaanhwfzf6bdidblz1-python3.11-huggingface-hub-0.26.5-dist",
        "out": "/nix/store/8wdrzzl6xza1syv0a456l5xl1b2frmzm-python3.11-huggingface-hub-0.26.5"
      },
      "system": "aarch64-darwin",
      "group": "toplevel",
      "priority": 5
    },
    {
      "attr_path": "python311Packages.huggingface-hub",
      "broken": false,
      "derivation": "/nix/store/0ds752xqigls0mdhidxla89m2cwd70jj-python3.11-huggingface-hub-0.26.5.drv",
      "description": "Download and publish models and other files on the huggingface.co hub",
      "install_id": "huggingface-hub",
      "license": "Apache-2.0",
      "locked_url": "https://github.com/flox/nixpkgs?rev=d70bd19e0a38ad4790d3913bf08fcbfc9eeca507",
      "name": "python3.11-huggingface-hub-0.26.5",
      "pname": "huggingface-hub",
      "rev": "d70bd19e0a38ad4790d3913bf08fcbfc9eeca507",
      "rev_count": 724962,
      "rev_date": "2024-12-19T23:01:11Z",
      "scrape_date": "2024-12-23T03:54:12Z",
      "stabilities": [
        "stable",
        "staging",
        "unstable"
      ],
      "unfree": false,
      "version": "0.26.5",
      "outputs_to_install": [
        "out"
      ],
      "outputs": {
        "dist": "/nix/store/8xf7fmp7wdsaa44a4bgv2snm78gkgsjc-python3.11-huggingface-hub-0.26.5-dist",
        "out": "/nix/store/hs81y8g58rgci9f190bh5474ckzkwilb-python3.11-huggingface-hub-0.26.5"
      },
      "system": "aarch64-linux",
      "group": "toplevel",
      "priority": 5
    },
    {
      "attr_path": "python311Packages.huggingface-hub",
      "broken": false,
      "derivation": "/nix/store/68aq9fwb09ymj5lvfzl56abwldqm488n-python3.11-huggingface-hub-0.26.5.drv",
      "description": "Download and publish models and other files on the huggingface.co hub",
      "install_id": "huggingface-hub",
      "license": "Apache-2.0",
      "locked_url": "https://github.com/flox/nixpkgs?rev=d70bd19e0a38ad4790d3913bf08fcbfc9eeca507",
      "name": "python3.11-huggingface-hub-0.26.5",
      "pname": "huggingface-hub",
      "rev": "d70bd19e0a38ad4790d3913bf08fcbfc9eeca507",
      "rev_count": 724962,
      "rev_date": "2024-12-19T23:01:11Z",
      "scrape_date": "2024-12-23T03:54:12Z",
      "stabilities": [
        "stable",
        "staging",
        "unstable"
      ],
      "unfree": false,
      "version": "0.26.5",
      "outputs_to_install": [
        "out"
      ],
      "outputs": {
        "dist": "/nix/store/p1p1gibr1qfibavm435d3hzhmra2izpz-python3.11-huggingface-hub-0.26.5-dist",
        "out": "/nix/store/4wr05l19rpj9sbvcvjlrc022rp23n9cm-python3.11-huggingface-hub-0.26.5"
      },
      "system": "x86_64-darwin",
      "group": "toplevel",
      "priority": 5
    },
    {
      "attr_path": "python311Packages.huggingface-hub",
      "broken": false,
      "derivation": "/nix/store/kash3l9ix9bwfgj91k9y5fbd909pasjc-python3.11-huggingface-hub-0.26.5.drv",
      "description": "Download and publish models and other files on the huggingface.co hub",
      "install_id": "huggingface-hub",
      "license": "Apache-2.0",
      "locked_url": "https://github.com/flox/nixpkgs?rev=d70bd19e0a38ad4790d3913bf08fcbfc9eeca507",
      "name": "python3.11-huggingface-hub-0.26.5",
      "pname": "huggingface-hub",
      "rev": "d70bd19e0a38ad4790d3913bf08fcbfc9eeca507",
      "rev_count": 724962,
      "rev_date": "2024-12-19T23:01:11Z",
      "scrape_date": "2024-12-23T03:54:12Z",
      "stabilities": [
        "stable",
        "staging",
        "unstable"
      ],
      "unfree": false,
      "version": "0.26.5",
      "outputs_to_install": [
        "out"
      ],
      "outputs": {
        "dist": "/nix/store/hkszch4gamk8yb43k76hf8i0r2s4jm0j-python3.11-huggingface-hub-0.26.5-dist",
        "out": "/nix/store/v858lrvv4p1jnbm3397wjj726sp2zzm6-python3.11-huggingface-hub-0.26.5"
      },
      "system": "x86_64-linux",
      "group": "toplevel",
      "priority": 5
    },
    {
      "attr_path": "python311Packages.pip",
      "broken": false,
      "derivation": "/nix/store/gx3cp6lqdijxky0hgcpzs0nkc0n2i0pm-python3.11-pip-24.0.drv",
      "description": "PyPA recommended tool for installing Python packages",
      "install_id": "pip",
      "license": "[ MIT ]",
      "locked_url": "https://github.com/flox/nixpkgs?rev=d70bd19e0a38ad4790d3913bf08fcbfc9eeca507",
      "name": "python3.11-pip-24.0",
      "pname": "pip",
      "rev": "d70bd19e0a38ad4790d3913bf08fcbfc9eeca507",
      "rev_count": 724962,
      "rev_date": "2024-12-19T23:01:11Z",
      "scrape_date": "2024-12-23T03:54:12Z",
      "stabilities": [
        "stable",
        "staging",
        "unstable"
      ],
      "unfree": false,
      "version": "24.0",
      "outputs_to_install": [
        "man",
        "out"
      ],
      "outputs": {
        "dist": "/nix/store/qym844p07sk31c62yqj5b980rn9zjqp8-python3.11-pip-24.0-dist",
        "man": "/nix/store/8c0k3zmqxmc790jnq0iy741f0r59skq0-python3.11-pip-24.0-man",
        "out": "/nix/store/4rlmzs8imw8cnm7zxmb40qcg5zfilywm-python3.11-pip-24.0"
      },
      "system": "aarch64-darwin",
      "group": "toplevel",
      "priority": 5
    },
    {
      "attr_path": "python311Packages.pip",
      "broken": false,
      "derivation": "/nix/store/pyk770l29hhkpag7p2vww40gyq51lx0j-python3.11-pip-24.0.drv",
      "description": "PyPA recommended tool for installing Python packages",
      "install_id": "pip",
      "license": "[ MIT ]",
      "locked_url": "https://github.com/flox/nixpkgs?rev=d70bd19e0a38ad4790d3913bf08fcbfc9eeca507",
      "name": "python3.11-pip-24.0",
      "pname": "pip",
      "rev": "d70bd19e0a38ad4790d3913bf08fcbfc9eeca507",
      "rev_count": 724962,
      "rev_date": "2024-12-19T23:01:11Z",
      "scrape_date": "2024-12-23T03:54:12Z",
      "stabilities": [
        "stable",
        "staging",
        "unstable"
      ],
      "unfree": false,
      "version": "24.0",
      "outputs_to_install": [
        "man",
        "out"
      ],
      "outputs": {
        "dist": "/nix/store/9ai3zc1ml1hpl6r5a0wz20j73jzqc19k-python3.11-pip-24.0-dist",
        "man": "/nix/store/l6h3wn620pnsw00b3izh7qkh63v2h2mm-python3.11-pip-24.0-man",
        "out": "/nix/store/n1878qvhhl7a1238h52syhpyn3vpr9ap-python3.11-pip-24.0"
      },
      "system": "aarch64-linux",
      "group": "toplevel",
      "priority": 5
    },
    {
      "attr_path": "python311Packages.pip",
      "broken": false,
      "derivation": "/nix/store/m78wbwhxyj4shwrbpdkjfd14bnsscq1m-python3.11-pip-24.0.drv",
      "description": "PyPA recommended tool for installing Python packages",
      "install_id": "pip",
      "license": "[ MIT ]",
      "locked_url": "https://github.com/flox/nixpkgs?rev=d70bd19e0a38ad4790d3913bf08fcbfc9eeca507",
      "name": "python3.11-pip-24.0",
      "pname": "pip",
      "rev": "d70bd19e0a38ad4790d3913bf08fcbfc9eeca507",
      "rev_count": 724962,
      "rev_date": "2024-12-19T23:01:11Z",
      "scrape_date": "2024-12-23T03:54:12Z",
      "stabilities": [
        "stable",
        "staging",
        "unstable"
      ],
      "unfree": false,
      "version": "24.0",
      "outputs_to_install": [
        "man",
        "out"
      ],
      "outputs": {
        "dist": "/nix/store/543xg541cyv8azjfr0d4iy1r56bzr7l0-python3.11-pip-24.0-dist",
        "man": "/nix/store/v0m892bw1za9c84sdz7id7lsdqz5gn0m-python3.11-pip-24.0-man",
        "out": "/nix/store/b4rc80klr5hfjnndmxmzkr2h1ipsc0lw-python3.11-pip-24.0"
      },
      "system": "x86_64-darwin",
      "group": "toplevel",
      "priority": 5
    },
    {
      "attr_path": "python311Packages.pip",
      "broken": false,
      "derivation": "/nix/store/14llrjh9jq8kfdj4mkgibp4gzprxrrcr-python3.11-pip-24.0.drv",
      "description": "PyPA recommended tool for installing Python packages",
      "install_id": "pip",
      "license": "[ MIT ]",
      "locked_url": "https://github.com/flox/nixpkgs?rev=d70bd19e0a38ad4790d3913bf08fcbfc9eeca507",
      "name": "python3.11-pip-24.0",
      "pname": "pip",
      "rev": "d70bd19e0a38ad4790d3913bf08fcbfc9eeca507",
      "rev_count": 724962,
      "rev_date": "2024-12-19T23:01:11Z",
      "scrape_date": "2024-12-23T03:54:12Z",
      "stabilities": [
        "stable",
        "staging",
        "unstable"
      ],
      "unfree": false,
      "version": "24.0",
      "outputs_to_install": [
        "man",
        "out"
      ],
      "outputs": {
        "dist": "/nix/store/ifs6g0gvihqkn6kbs91n88hxai1i3jcj-python3.11-pip-24.0-dist",
        "man": "/nix/store/5qlaabn7jli0d2djawr8ld8l6bi8jwwi-python3.11-pip-24.0-man",
        "out": "/nix/store/9hhh5rh3qihyrh0y0wid9xl20i0z5pfq-python3.11-pip-24.0"
      },
      "system": "x86_64-linux",
      "group": "toplevel",
      "priority": 5
    },
    {
      "attr_path": "python311",
      "broken": false,
      "derivation": "/nix/store/4npqfdp8xqn9jrsrw9apyyh50g1snjml-python3-3.11.10.drv",
      "description": "High-level dynamically-typed programming language",
      "install_id": "python311",
      "license": "Python-2.0",
      "locked_url": "https://github.com/flox/nixpkgs?rev=d70bd19e0a38ad4790d3913bf08fcbfc9eeca507",
      "name": "python3-3.11.10",
      "pname": "python311",
      "rev": "d70bd19e0a38ad4790d3913bf08fcbfc9eeca507",
      "rev_count": 724962,
      "rev_date": "2024-12-19T23:01:11Z",
      "scrape_date": "2024-12-23T03:54:12Z",
      "stabilities": [
        "stable",
        "staging",
        "unstable"
      ],
      "unfree": false,
      "version": "python3-3.11.10",
      "outputs_to_install": [
        "out"
      ],
      "outputs": {
        "out": "/nix/store/vmlgjfqdflax5f2y5r0952fspjzd7npw-python3-3.11.10"
      },
      "system": "aarch64-darwin",
      "group": "toplevel",
      "priority": 5
    },
    {
      "attr_path": "python311",
      "broken": false,
      "derivation": "/nix/store/c6kbjl5n4w38kx22shs776zg6smryx4s-python3-3.11.10.drv",
      "description": "High-level dynamically-typed programming language",
      "install_id": "python311",
      "license": "Python-2.0",
      "locked_url": "https://github.com/flox/nixpkgs?rev=d70bd19e0a38ad4790d3913bf08fcbfc9eeca507",
      "name": "python3-3.11.10",
      "pname": "python311",
      "rev": "d70bd19e0a38ad4790d3913bf08fcbfc9eeca507",
      "rev_count": 724962,
      "rev_date": "2024-12-19T23:01:11Z",
      "scrape_date": "2024-12-23T03:54:12Z",
      "stabilities": [
        "stable",
        "staging",
        "unstable"
      ],
      "unfree": false,
      "version": "python3-3.11.10",
      "outputs_to_install": [
        "out"
      ],
      "outputs": {
        "debug": "/nix/store/q6kq2z7l096v83i04s3klb8cpijkdc79-python3-3.11.10-debug",
        "out": "/nix/store/hkfpyjwr9kkq3jljxv62drqfi2vndjqb-python3-3.11.10"
      },
      "system": "aarch64-linux",
      "group": "toplevel",
      "priority": 5
    },
    {
      "attr_path": "python311",
      "broken": false,
      "derivation": "/nix/store/r01mfm02ppb5j1jm4kd07xa25ahaw5as-python3-3.11.10.drv",
      "description": "High-level dynamically-typed programming language",
      "install_id": "python311",
      "license": "Python-2.0",
      "locked_url": "https://github.com/flox/nixpkgs?rev=d70bd19e0a38ad4790d3913bf08fcbfc9eeca507",
      "name": "python3-3.11.10",
      "pname": "python311",
      "rev": "d70bd19e0a38ad4790d3913bf08fcbfc9eeca507",
      "rev_count": 724962,
      "rev_date": "2024-12-19T23:01:11Z",
      "scrape_date": "2024-12-23T03:54:12Z",
      "stabilities": [
        "stable",
        "staging",
        "unstable"
      ],
      "unfree": false,
      "version": "python3-3.11.10",
      "outputs_to_install": [
        "out"
      ],
      "outputs": {
        "out": "/nix/store/6hh041131z6hvk88nirx4rjmi6879sjc-python3-3.11.10"
      },
      "system": "x86_64-darwin",
      "group": "toplevel",
      "priority": 5
    },
    {
      "attr_path": "python311",
      "broken": false,
      "derivation": "/nix/store/mkvssckwgmrfv2wzlm8ym69rm1z4x8cr-python3-3.11.10.drv",
      "description": "High-level dynamically-typed programming language",
      "install_id": "python311",
      "license": "Python-2.0",
      "locked_url": "https://github.com/flox/nixpkgs?rev=d70bd19e0a38ad4790d3913bf08fcbfc9eeca507",
      "name": "python3-3.11.10",
      "pname": "python311",
      "rev": "d70bd19e0a38ad4790d3913bf08fcbfc9eeca507",
      "rev_count": 724962,
      "rev_date": "2024-12-19T23:01:11Z",
      "scrape_date": "2024-12-23T03:54:12Z",
      "stabilities": [
        "stable",
        "staging",
        "unstable"
      ],
      "unfree": false,
      "version": "python3-3.11.10",
      "outputs_to_install": [
        "out"
      ],
      "outputs": {
        "debug": "/nix/store/jcnym3cicgb2h5dlypy5maaipjmmazw3-python3-3.11.10-debug",
        "out": "/nix/store/nmqxyr00in2arwrq5qd1qipsanz1yrn5-python3-3.11.10"
      },
      "system": "x86_64-linux",
      "group": "toplevel",
      "priority": 5
    }
  ]
}